
Microsoft Visual Studio Solution File, Format Version 12.00
# Visual Studio 2012
Project("{8BC9CEB8-8B4A-11D0-8D11-00A0C91BC942}") = "Shader Game", "NewEngine\NewEngine.vcxproj", "{BAA3E945-BE0F-4F66-A68F-24B26AB8EEBC}"
EndProject
Global
	GlobalSection(SolutionConfigurationPlatforms) = preSolution
		Debug|Win32 = Debug|Win32
		Release|Win32 = Release|Win32
	EndGlobalSection
	GlobalSection(ProjectConfigurationPlatforms) = postSolution
		{BAA3E945-BE0F-4F66-A68F-24B26AB8EEBC}.Debug|Win32.ActiveCfg = Debug|Win32
		{BAA3E945-BE0F-4F66-A68F-24B26AB8EEBC}.Debug|Win32.Build.0 = Debug|Win32
		{BAA3E945-BE0F-4F66-A68F-24B26AB8EEBC}.Release|Win32.ActiveCfg = Release|Win32
		{BAA3E945-BE0F-4F66-A68F-24B26AB8EEBC}.Release|Win32.Build.0 = Release|Win32
	EndGlobalSection
	GlobalSection(SolutionProperties) = preSolution
		HideSolutionNode = FALSE
	EndGlobalSection
EndGlobal
